
Microsoft Visual Studio Solution File, Format Version 12.00
# Visual Studio Version 16
VisualStudioVersion = 16.0.31205.134
MinimumVisualStudioVersion = 10.0.40219.1
Project("{2150E333-8FDC-42A3-9474-1A3956D46DE8}") = "src", "src", "{9DD5E4CF-25AE-4FC3-B9B6-35D2E5172E92}"
EndProject
Project("{2150E333-8FDC-42A3-9474-1A3956D46DE8}") = "test", "test", "{80AACB6E-AD02-40F4-8338-D8D77872357C}"
EndProject
Project("{2150E333-8FDC-42A3-9474-1A3956D46DE8}") = "Solution Items", "Solution Items", "{BCFA0FCB-70BD-40F7-8C40-6F61F7B5B367}"
	ProjectSection(SolutionItems) = preProject
		README.txt = README.txt
		Requirement Document.JPG = Requirement Document.JPG
		Requirements Analysis.txt = Requirements Analysis.txt
	EndProjectSection
EndProject
Project("{FAE04EC0-301F-11D3-BF4B-00C04F79EFBC}") = "Consignment.Shop.WinForm", "Consignment.Shop.WinForm\Consignment.Shop.WinForm.csproj", "{B32F1851-B530-4CCF-8D40-DEB51678019C}"
EndProject
Project("{FAE04EC0-301F-11D3-BF4B-00C04F79EFBC}") = "Consignment.Shop.Library", "Consignment.Shop.Library\Consignment.Shop.Library.csproj", "{DC5802E4-0C3B-4640-B32A-B2679FC6FDC7}"
EndProject
Global
	GlobalSection(SolutionConfigurationPlatforms) = preSolution
		Debug|Any CPU = Debug|Any CPU
		Release|Any CPU = Release|Any CPU
	EndGlobalSection
	GlobalSection(ProjectConfigurationPlatforms) = postSolution
		{B32F1851-B530-4CCF-8D40-DEB51678019C}.Debug|Any CPU.ActiveCfg = Debug|Any CPU
		{B32F1851-B530-4CCF-8D40-DEB51678019C}.Debug|Any CPU.Build.0 = Debug|Any CPU
		{B32F1851-B530-4CCF-8D40-DEB51678019C}.Release|Any CPU.ActiveCfg = Release|Any CPU
		{B32F1851-B530-4CCF-8D40-DEB51678019C}.Release|Any CPU.Build.0 = Release|Any CPU
		{DC5802E4-0C3B-4640-B32A-B2679FC6FDC7}.Debug|Any CPU.ActiveCfg = Debug|Any CPU
		{DC5802E4-0C3B-4640-B32A-B2679FC6FDC7}.Debug|Any CPU.Build.0 = Debug|Any CPU
		{DC5802E4-0C3B-4640-B32A-B2679FC6FDC7}.Release|Any CPU.ActiveCfg = Release|Any CPU
		{DC5802E4-0C3B-4640-B32A-B2679FC6FDC7}.Release|Any CPU.Build.0 = Release|Any CPU
	EndGlobalSection
	GlobalSection(SolutionProperties) = preSolution
		HideSolutionNode = FALSE
	EndGlobalSection
	GlobalSection(NestedProjects) = preSolution
		{B32F1851-B530-4CCF-8D40-DEB51678019C} = {9DD5E4CF-25AE-4FC3-B9B6-35D2E5172E92}
		{DC5802E4-0C3B-4640-B32A-B2679FC6FDC7} = {9DD5E4CF-25AE-4FC3-B9B6-35D2E5172E92}
	EndGlobalSection
	GlobalSection(ExtensibilityGlobals) = postSolution
		SolutionGuid = {A0D661FF-B5DC-4186-9958-3A97472B2FC0}
	EndGlobalSection
EndGlobal
